
Microsoft Visual Studio Solution File, Format Version 12.00
# Visual Studio Version 17
VisualStudioVersion = 17.4.33213.308
MinimumVisualStudioVersion = 10.0.40219.1
Project("{9A19103F-16F7-4668-BE54-9A1E7A4F7556}") = "App.Domain", "App.Domain\App.Domain.csproj", "{81457EC7-2583-406A-9864-1934CBF08AF4}"
EndProject
Project("{9A19103F-16F7-4668-BE54-9A1E7A4F7556}") = "App.Data", "App.Data\App.Data.csproj", "{9C30E8DC-C8AD-4FB8-A737-9DB9861C8577}"
EndProject
Project("{9A19103F-16F7-4668-BE54-9A1E7A4F7556}") = "App.WebAPI", "App.WebAPI\App.WebAPI.csproj", "{0DD1FCB3-D33A-4E9E-AB3D-EAE42D5AC145}"
EndProject
Project("{9A19103F-16F7-4668-BE54-9A1E7A4F7556}") = "App.MAUI", "App.MAUI\App.MAUI.csproj", "{D28EB397-4DFB-4BE6-9718-7CF983B20ECF}"
EndProject
Project("{FAE04EC0-301F-11D3-BF4B-00C04F79EFBC}") = "App.Test", "App.Test\App.Test.csproj", "{6641F190-D496-48CE-A5F4-9986A436A6F1}"
EndProject
Global
	GlobalSection(SolutionConfigurationPlatforms) = preSolution
		Debug|Any CPU = Debug|Any CPU
		Release|Any CPU = Release|Any CPU
	EndGlobalSection
	GlobalSection(ProjectConfigurationPlatforms) = postSolution
		{81457EC7-2583-406A-9864-1934CBF08AF4}.Debug|Any CPU.ActiveCfg = Debug|Any CPU
		{81457EC7-2583-406A-9864-1934CBF08AF4}.Debug|Any CPU.Build.0 = Debug|Any CPU
		{81457EC7-2583-406A-9864-1934CBF08AF4}.Release|Any CPU.ActiveCfg = Release|Any CPU
		{81457EC7-2583-406A-9864-1934CBF08AF4}.Release|Any CPU.Build.0 = Release|Any CPU
		{9C30E8DC-C8AD-4FB8-A737-9DB9861C8577}.Debug|Any CPU.ActiveCfg = Debug|Any CPU
		{9C30E8DC-C8AD-4FB8-A737-9DB9861C8577}.Debug|Any CPU.Build.0 = Debug|Any CPU
		{9C30E8DC-C8AD-4FB8-A737-9DB9861C8577}.Release|Any CPU.ActiveCfg = Release|Any CPU
		{9C30E8DC-C8AD-4FB8-A737-9DB9861C8577}.Release|Any CPU.Build.0 = Release|Any CPU
		{0DD1FCB3-D33A-4E9E-AB3D-EAE42D5AC145}.Debug|Any CPU.ActiveCfg = Debug|Any CPU
		{0DD1FCB3-D33A-4E9E-AB3D-EAE42D5AC145}.Debug|Any CPU.Build.0 = Debug|Any CPU
		{0DD1FCB3-D33A-4E9E-AB3D-EAE42D5AC145}.Release|Any CPU.ActiveCfg = Release|Any CPU
		{0DD1FCB3-D33A-4E9E-AB3D-EAE42D5AC145}.Release|Any CPU.Build.0 = Release|Any CPU
		{D28EB397-4DFB-4BE6-9718-7CF983B20ECF}.Debug|Any CPU.ActiveCfg = Debug|Any CPU
		{D28EB397-4DFB-4BE6-9718-7CF983B20ECF}.Debug|Any CPU.Build.0 = Debug|Any CPU
		{D28EB397-4DFB-4BE6-9718-7CF983B20ECF}.Debug|Any CPU.Deploy.0 = Debug|Any CPU
		{D28EB397-4DFB-4BE6-9718-7CF983B20ECF}.Release|Any CPU.ActiveCfg = Release|Any CPU
		{D28EB397-4DFB-4BE6-9718-7CF983B20ECF}.Release|Any CPU.Build.0 = Release|Any CPU
		{D28EB397-4DFB-4BE6-9718-7CF983B20ECF}.Release|Any CPU.Deploy.0 = Release|Any CPU
		{6641F190-D496-48CE-A5F4-9986A436A6F1}.Debug|Any CPU.ActiveCfg = Debug|Any CPU
		{6641F190-D496-48CE-A5F4-9986A436A6F1}.Debug|Any CPU.Build.0 = Debug|Any CPU
		{6641F190-D496-48CE-A5F4-9986A436A6F1}.Release|Any CPU.ActiveCfg = Release|Any CPU
		{6641F190-D496-48CE-A5F4-9986A436A6F1}.Release|Any CPU.Build.0 = Release|Any CPU
	EndGlobalSection
	GlobalSection(SolutionProperties) = preSolution
		HideSolutionNode = FALSE
	EndGlobalSection
	GlobalSection(ExtensibilityGlobals) = postSolution
		SolutionGuid = {453AD7ED-EC56-4DEB-8638-8944442C623E}
	EndGlobalSection
EndGlobal
